
Microsoft Visual Studio Solution File, Format Version 12.00
# Visual Studio Version 16
VisualStudioVersion = 16.0.32630.194
MinimumVisualStudioVersion = 10.0.40219.1
Project("{E24C65DC-7377-472B-9ABA-BC803B73C61A}") = "KafeProjesi", "KafeProjesi\", "{375B7730-9322-4B4E-9AF4-BD924447139A}"
	ProjectSection(WebsiteProperties) = preProject
		TargetFrameworkMoniker = ".NETFramework,Version%3Dv4.7.2"
		Debug.AspNetCompiler.VirtualPath = "/localhost_52902"
		Debug.AspNetCompiler.PhysicalPath = "KafeProjesi\"
		Debug.AspNetCompiler.TargetPath = "PrecompiledWeb\localhost_52902\"
		Debug.AspNetCompiler.Updateable = "true"
		Debug.AspNetCompiler.ForceOverwrite = "true"
		Debug.AspNetCompiler.FixedNames = "false"
		Debug.AspNetCompiler.Debug = "True"
		Release.AspNetCompiler.VirtualPath = "/localhost_52902"
		Release.AspNetCompiler.PhysicalPath = "KafeProjesi\"
		Release.AspNetCompiler.TargetPath = "PrecompiledWeb\localhost_52902\"
		Release.AspNetCompiler.Updateable = "true"
		Release.AspNetCompiler.ForceOverwrite = "true"
		Release.AspNetCompiler.FixedNames = "false"
		Release.AspNetCompiler.Debug = "False"
		VWDPort = "52902"
		SlnRelativePath = "KafeProjesi\"
		DefaultWebSiteLanguage = "Visual C#"
	EndProjectSection
EndProject
Global
	GlobalSection(SolutionConfigurationPlatforms) = preSolution
		Debug|Any CPU = Debug|Any CPU
	EndGlobalSection
	GlobalSection(ProjectConfigurationPlatforms) = postSolution
		{375B7730-9322-4B4E-9AF4-BD924447139A}.Debug|Any CPU.ActiveCfg = Debug|Any CPU
		{375B7730-9322-4B4E-9AF4-BD924447139A}.Debug|Any CPU.Build.0 = Debug|Any CPU
	EndGlobalSection
	GlobalSection(SolutionProperties) = preSolution
		HideSolutionNode = FALSE
	EndGlobalSection
	GlobalSection(ExtensibilityGlobals) = postSolution
		SolutionGuid = {2ADC01AC-4AA5-43E0-89C8-8E6D9758A7FA}
	EndGlobalSection
EndGlobal
